
Microsoft Visual Studio Solution File, Format Version 12.00
# Visual Studio Version 17
VisualStudioVersion = 17.4.33122.133
MinimumVisualStudioVersion = 10.0.40219.1
Project("{FAE04EC0-301F-11D3-BF4B-00C04F79EFBC}") = "InventoryManagementSystem", "InventoryManagementSystem\InventoryManagementSystem.csproj", "{EA088693-8D5E-445B-9E79-812A02AC2D50}"
EndProject
Global
	GlobalSection(SolutionConfigurationPlatforms) = preSolution
		Debug|Any CPU = Debug|Any CPU
		Release|Any CPU = Release|Any CPU
	EndGlobalSection
	GlobalSection(ProjectConfigurationPlatforms) = postSolution
		{EA088693-8D5E-445B-9E79-812A02AC2D50}.Debug|Any CPU.ActiveCfg = Debug|Any CPU
		{EA088693-8D5E-445B-9E79-812A02AC2D50}.Debug|Any CPU.Build.0 = Debug|Any CPU
		{EA088693-8D5E-445B-9E79-812A02AC2D50}.Release|Any CPU.ActiveCfg = Release|Any CPU
		{EA088693-8D5E-445B-9E79-812A02AC2D50}.Release|Any CPU.Build.0 = Release|Any CPU
	EndGlobalSection
	GlobalSection(SolutionProperties) = preSolution
		HideSolutionNode = FALSE
	EndGlobalSection
	GlobalSection(ExtensibilityGlobals) = postSolution
		SolutionGuid = {47CF1F77-0AFD-486D-9393-ED97BB39E641}
	EndGlobalSection
EndGlobal
